// !$*UTF8*$!
{
	archiveVersion = 1;
	classes = {
	};
	objectVersion = 46;
	objects = {

/* Begin PBXBuildFile section */
		08A6A13F1D5329870081FA71 /* AppDelegate.swift in Sources */ = {isa = PBXBuildFile; fileRef = 08A6A13E1D5329870081FA71 /* AppDelegate.swift */; };
		08A6A1411D5329870081FA71 /* ViewController.swift in Sources */ = {isa = PBXBuildFile; fileRef = 08A6A1401D5329870081FA71 /* ViewController.swift */; };
		08A6A1441D5329870081FA71 /* Main.storyboard in Resources */ = {isa = PBXBuildFile; fileRef = 08A6A1421D5329870081FA71 /* Main.storyboard */; };
		08A6A1461D5329870081FA71 /* Assets.xcassets in Resources */ = {isa = PBXBuildFile; fileRef = 08A6A1451D5329870081FA71 /* Assets.xcassets */; };
		08A6A1491D5329870081FA71 /* LaunchScreen.storyboard in Resources */ = {isa = PBXBuildFile; fileRef = 08A6A1471D5329870081FA71 /* LaunchScreen.storyboard */; };
/* End PBXBuildFile section */

/* Begin PBXFileReference section */
		08A6A13B1D5329870081FA71 /* testGithub.app */ = {isa = PBXFileReference; explicitFileType = wrapper.application; includeInIndex = 0; path = testGithub.app; sourceTree = BUILT_PRODUCTS_DIR; };
		08A6A13E1D5329870081FA71 /* AppDelegate.swift */ = {isa = PBXFileReference; lastKnownFileType = sourcecode.swift; path = AppDelegate.swift; sourceTree = "<group>"; };
		08A6A1401D5329870081FA71 /* ViewController.swift */ = {isa = PBXFileReference; lastKnownFileType = sourcecode.swift; path = ViewController.swift; sourceTree = "<group>"; };
		08A6A1431D5329870081FA71 /* Base */ = {isa = PBXFileReference; lastKnownFileType = file.storyboard; name = Base; path = Base.lproj/Main.storyboard; sourceTree = "<group>"; };
		08A6A1451D5329870081FA71 /* Assets.xcassets */ = {isa = PBXFileReference; lastKnownFileType = folder.assetcatalog; path = Assets.xcassets; sourceTree = "<group>"; };
		08A6A1481D5329870081FA71 /* Base */ = {isa = PBXFileReference; lastKnownFileType = file.storyboard; name = Base; path = Base.lproj/LaunchScreen.storyboard; sourceTree = "<group>"; };
		08A6A14A1D5329870081FA71 /* Info.plist */ = {isa = PBXFileReference; lastKnownFileType = text.plist.xml; path = Info.plist; sourceTree = "<group>"; };
/* End PBXFileReference section */

/* Begin PBXFrameworksBuildPhase section */
		08A6A1381D5329870081FA71 /* Frameworks */ = {
			isa = PBXFrameworksBuildPhase;
			buildActionMask = 2147483647;
			files = (
			);
			runOnlyForDeploymentPostprocessing = 0;
		};
/* End PBXFrameworksBuildPhase section */

/* Begin PBXGroup section */
		08A6A1321D5329860081FA71 = {
			isa = PBXGroup;
			children = (
				08A6A13D1D5329870081FA71 /* testGithub */,
				08A6A13C1D5329870081FA71 /* Products */,
			);
			sourceTree = "<group>";
		};
		08A6A13C1D5329870081FA71 /* Products */ = {
			isa = PBXGroup;
			children = (
				08A6A13B1D5329870081FA71 /* testGithub.app */,
			);
			name = Products;
			sourceTree = "<group>";
		};
		08A6A13D1D5329870081FA71 /* testGithub */ = {
			isa = PBXGroup;
			children = (
				08A6A13E1D5329870081FA71 /* AppDelegate.swift */,
				08A6A1401D5329870081FA71 /* ViewController.swift */,
				08A6A1421D5329870081FA71 /* Main.storyboard */,
				08A6A1451D5329870081FA71 /* Assets.xcassets */,
				08A6A1471D5329870081FA71 /* LaunchScreen.storyboard */,
				08A6A14A1D5329870081FA71 /* Info.plist */,
			);
			path = testGithub;
			sourceTree = "<group>";
		};
/* End PBXGroup section */

/* Begin PBXNativeTarget section */
		08A6A13A1D5329870081FA71 /* testGithub */ = {
			isa = PBXNativeTarget;
			buildConfigurationList = 08A6A14D1D5329870081FA71 /* Build configuration list for PBXNativeTarget "testGithub" */;
			buildPhases = (
				08A6A1371D5329870081FA71 /* Sources */,
				08A6A1381D5329870081FA71 /* Frameworks */,
				08A6A1391D5329870081FA71 /* Resources */,
			);
			buildRules = (
			);
			dependencies = (
			);
			name = testGithub;
			productName = testGithub;
			productReference = 08A6A13B1D5329870081FA71 /* testGithub.app */;
			productType = "com.apple.product-type.application";
		};
/* End PBXNativeTarget section */

/* Begin PBXProject section */
		08A6A1331D5329860081FA71 /* Project object */ = {
			isa = PBXProject;
			attributes = {
				LastSwiftUpdateCheck = 0730;
				LastUpgradeCheck = 0730;
				ORGANIZATIONNAME = "Divisi CodeLabs";
				TargetAttributes = {
					08A6A13A1D5329870081FA71 = {
						CreatedOnToolsVersion = 7.3.1;
						DevelopmentTeam = 77C5V7A2G9;
					};
				};
			};
			buildConfigurationList = 08A6A1361D5329860081FA71 /* Build configuration list for PBXProject "testGithub" */;
			compatibilityVersion = "Xcode 3.2";
			developmentRegion = English;
			hasScannedForEncodings = 0;
			knownRegions = (
				en,
				Base,
			);
			mainGroup = 08A6A1321D5329860081FA71;
			productRefGroup = 08A6A13C1D5329870081FA71 /* Products */;
			projectDirPath = "";
			projectRoot = "";
			targets = (
				08A6A13A1D5329870081FA71 /* testGithub */,
			);
		};
/* End PBXProject section */

/* Begin PBXResourcesBuildPhase section */
		08A6A1391D5329870081FA71 /* Resources */ = {
			isa = PBXResourcesBuildPhase;
			buildActionMask = 2147483647;
			files = (
				08A6A1491D5329870081FA71 /* LaunchScreen.storyboard in Resources */,
				08A6A1461D5329870081FA71 /* Assets.xcassets in Resources */,
				08A6A1441D5329870081FA71 /* Main.storyboard in Resources */,
			);
			runOnlyForDeploymentPostprocessing = 0;
		};
/* End PBXResourcesBuildPhase section */

/* Begin PBXSourcesBuildPhase section */
		08A6A1371D5329870081FA71 /* Sources */ = {
			isa = PBXSourcesBuildPhase;
			buildActionMask = 2147483647;
			files = (
				08A6A1411D5329870081FA71 /* ViewController.swift in Sources */,
				08A6A13F1D5329870081FA71 /* AppDelegate.swift in Sources */,
			);
			runOnlyForDeploymentPostprocessing = 0;
		};
/* End PBXSourcesBuildPhase section */

/* Begin PBXVariantGroup section */
		08A6A1421D5329870081FA71 /* Main.storyboard */ = {
			isa = PBXVariantGroup;
			children = (
				08A6A1431D5329870081FA71 /* Base */,
			);
			name = Main.storyboard;
			sourceTree = "<group>";
		};
		08A6A1471D5329870081FA71 /* LaunchScreen.storyboard */ = {
			isa = PBXVariantGroup;
			children = (
				08A6A1481D5329870081FA71 /* Base */,
			);
			name = LaunchScreen.storyboard;
			sourceTree = "<group>";
		};
/* End PBXVariantGroup section */

/* Begin XCBuildConfiguration section */
		08A6A14B1D5329870081FA71 /* Debug */ = {
			isa = XCBuildConfiguration;
			buildSettings = {
				ALWAYS_SEARCH_USER_PATHS = NO;
				CLANG_ANALYZER_NONNULL = YES;
				CLANG_CXX_LANGUAGE_STANDARD = "gnu++0x";
				CLANG_CXX_LIBRARY = "libc++";
				CLANG_ENABLE_MODULES = YES;
				CLANG_ENABLE_OBJC_ARC = YES;
				CLANG_WARN_BOOL_CONVERSION = YES;
				CLANG_WARN_CONSTANT_CONVERSION = YES;
				CLANG_WARN_DIRECT_OBJC_ISA_USAGE = YES_ERROR;
				CLANG_WARN_EMPTY_BODY = YES;
				CLANG_WARN_ENUM_CONVERSION = YES;
				CLANG_WARN_INT_CONVERSION = YES;
				CLANG_WARN_OBJC_ROOT_CLASS = YES_ERROR;
				CLANG_WARN_UNREACHABLE_CODE = YES;
				CLANG_WARN__DUPLICATE_METHOD_MATCH = YES;
				"CODE_SIGN_IDENTITY[sdk=iphoneos*]" = "iPhone Developer";
				COPY_PHASE_STRIP = NO;
				DEBUG_INFORMATION_FORMAT = dwarf;
				ENABLE_STRICT_OBJC_MSGSEND = YES;
				ENABLE_TESTABILITY = YES;
				GCC_C_LANGUAGE_STANDARD = gnu99;
				GCC_DYNAMIC_NO_PIC = NO;
				GCC_NO_COMMON_BLOCKS = YES;
				GCC_OPTIMIZATION_LEVEL = 0;
				GCC_PREPROCESSOR_DEFINITIONS = (
					"DEBUG=1",
					"$(inherited)",
				);
				GCC_WARN_64_TO_32_BIT_CONVERSION = YES;
				GCC_WARN_ABOUT_RETURN_TYPE = YES_ERROR;
				GCC_WARN_UNDECLARED_SELECTOR = YES;
				GCC_WARN_UNINITIALIZED_AUTOS = YES_AGGRESSIVE;
				GCC_WARN_UNUSED_FUNCTION = YES;
				GCC_WARN_UNUSED_VARIABLE = YES;
				IPHONEOS_DEPLOYMENT_TARGET = 9.3;
				MTL_ENABLE_DEBUG_INFO = YES;
				ONLY_ACTIVE_ARCH = YES;
				SDKROOT = iphoneos;
				SWIFT_OPTIMIZATION_LEVEL = "-Onone";
			};
			name = Debug;
		};
		08A6A14C1D5329870081FA71 /* Release */ = {
			isa = XCBuildConfiguration;
			buildSettings = {
				ALWAYS_SEARCH_USER_PATHS = NO;
				CLANG_ANALYZER_NONNULL = YES;
				CLANG_CXX_LANGUAGE_STANDARD = "gnu++0x";
				CLANG_CXX_LIBRARY = "libc++";
				CLANG_ENABLE_MODULES = YES;
				CLANG_ENABLE_OBJC_ARC = YES;
				CLANG_WARN_BOOL_CONVERSION = YES;
				CLANG_WARN_CONSTANT_CONVERSION = YES;
				CLANG_WARN_DIRECT_OBJC_ISA_USAGE = YES_ERROR;
				CLANG_WARN_EMPTY_BODY = YES;
				CLANG_WARN_ENUM_CONVERSION = YES;
				CLANG_WARN_INT_CONVERSION = YES;
				CLANG_WARN_OBJC_ROOT_CLASS = YES_ERROR;
				CLANG_WARN_UNREACHABLE_CODE = YES;
				CLANG_WARN__DUPLICATE_METHOD_MATCH = YES;
				"CODE_SIGN_IDENTITY[sdk=iphoneos*]" = "iPhone Developer";
				COPY_PHASE_STRIP = NO;
				DEBUG_INFORMATION_FORMAT = "dwarf-with-dsym";
				ENABLE_NS_ASSERTIONS = NO;
				ENABLE_STRICT_OBJC_MSGSEND = YES;
				GCC_C_LANGUAGE_STANDARD = gnu99;
				GCC_NO_COMMON_BLOCKS = YES;
				GCC_WARN_64_TO_32_BIT_CONVERSION = YES;
				GCC_WARN_ABOUT_RETURN_TYPE = YES_ERROR;
				GCC_WARN_UNDECLARED_SELECTOR = YES;
				GCC_WARN_UNINITIALIZED_AUTOS = YES_AGGRESSIVE;
				GCC_WARN_UNUSED_FUNCTION = YES;
				GCC_WARN_UNUSED_VARIABLE = YES;
				IPHONEOS_DEPLOYMENT_TARGET = 9.3;
				MTL_ENABLE_DEBUG_INFO = NO;
				SDKROOT = iphoneos;
				VALIDATE_PRODUCT = YES;
			};
			name = Release;
		};
		08A6A14E1D5329870081FA71 /* Debug */ = {
			isa = XCBuildConfiguration;
			buildSettings = {
				ASSETCATALOG_COMPILER_APPICON_NAME = AppIcon;
				INFOPLIST_FILE = testGithub/Info.plist;
				LD_RUNPATH_SEARCH_PATHS = "$(inherited) @executable_path/Frameworks";
				PRODUCT_BUNDLE_IDENTIFIER = com.CodeLabs.testGithub;
				PRODUCT_NAME = "$(TARGET_NAME)";
			};
			name = Debug;
		};
		08A6A14F1D5329870081FA71 /* Release */ = {
			isa = XCBuildConfiguration;
			buildSettings = {
				ASSETCATALOG_COMPILER_APPICON_NAME = AppIcon;
				INFOPLIST_FILE = testGithub/Info.plist;
				LD_RUNPATH_SEARCH_PATHS = "$(inherited) @executable_path/Frameworks";
				PRODUCT_BUNDLE_IDENTIFIER = com.CodeLabs.testGithub;
				PRODUCT_NAME = "$(TARGET_NAME)";
			};
			name = Release;
		};
/* End XCBuildConfiguration section */

/* Begin XCConfigurationList section */
		08A6A1361D5329860081FA71 /* Build configuration list for PBXProject "testGithub" */ = {
			isa = XCConfigurationList;
			buildConfigurations = (
				08A6A14B1D5329870081FA71 /* Debug */,
				08A6A14C1D5329870081FA71 /* Release */,
			);
			defaultConfigurationIsVisible = 0;
			defaultConfigurationName = Release;
		};
		08A6A14D1D5329870081FA71 /* Build configuration list for PBXNativeTarget "testGithub" */ = {
			isa = XCConfigurationList;
			buildConfigurations = (
				08A6A14E1D5329870081FA71 /* Debug */,
				08A6A14F1D5329870081FA71 /* Release */,
			);
			defaultConfigurationIsVisible = 0;
		};
/* End XCConfigurationList section */
	};
	rootObject = 08A6A1331D5329860081FA71 /* Project object */;
}
